
Microsoft Visual Studio Solution File, Format Version 12.00
# Visual Studio 14
VisualStudioVersion = 14.0.25123.0
MinimumVisualStudioVersion = 10.0.40219.1
Project("{FAE04EC0-301F-11D3-BF4B-00C04F79EFBC}") = "Vatic.Interface", "Vatic.Interface\Vatic.Interface.csproj", "{AF1D20CF-867C-498E-9808-4669E98C35DB}"
EndProject
Project("{FAE04EC0-301F-11D3-BF4B-00C04F79EFBC}") = "Vatic.Core", "Vatic.Core\Vatic.Core.csproj", "{5F5552D8-08E6-4A78-9C27-E75DCA331322}"
EndProject
Project("{FAE04EC0-301F-11D3-BF4B-00C04F79EFBC}") = "Vatic.Test", "Vatic.Test\Vatic.Test.csproj", "{8AFE449F-54E2-47C0-88D8-AA0DE75029B0}"
EndProject
Global
	GlobalSection(SolutionConfigurationPlatforms) = preSolution
		Debug|Any CPU = Debug|Any CPU
		Release|Any CPU = Release|Any CPU
	EndGlobalSection
	GlobalSection(ProjectConfigurationPlatforms) = postSolution
		{AF1D20CF-867C-498E-9808-4669E98C35DB}.Debug|Any CPU.ActiveCfg = Debug|Any CPU
		{AF1D20CF-867C-498E-9808-4669E98C35DB}.Debug|Any CPU.Build.0 = Debug|Any CPU
		{AF1D20CF-867C-498E-9808-4669E98C35DB}.Release|Any CPU.ActiveCfg = Release|Any CPU
		{AF1D20CF-867C-498E-9808-4669E98C35DB}.Release|Any CPU.Build.0 = Release|Any CPU
		{5F5552D8-08E6-4A78-9C27-E75DCA331322}.Debug|Any CPU.ActiveCfg = Debug|Any CPU
		{5F5552D8-08E6-4A78-9C27-E75DCA331322}.Debug|Any CPU.Build.0 = Debug|Any CPU
		{5F5552D8-08E6-4A78-9C27-E75DCA331322}.Release|Any CPU.ActiveCfg = Release|Any CPU
		{5F5552D8-08E6-4A78-9C27-E75DCA331322}.Release|Any CPU.Build.0 = Release|Any CPU
		{8AFE449F-54E2-47C0-88D8-AA0DE75029B0}.Debug|Any CPU.ActiveCfg = Debug|Any CPU
		{8AFE449F-54E2-47C0-88D8-AA0DE75029B0}.Debug|Any CPU.Build.0 = Debug|Any CPU
		{8AFE449F-54E2-47C0-88D8-AA0DE75029B0}.Release|Any CPU.ActiveCfg = Release|Any CPU
		{8AFE449F-54E2-47C0-88D8-AA0DE75029B0}.Release|Any CPU.Build.0 = Release|Any CPU
	EndGlobalSection
	GlobalSection(SolutionProperties) = preSolution
		HideSolutionNode = FALSE
	EndGlobalSection
EndGlobal
